{
  "name": "sebastien-aglae-profile",
  "version": "1.0.0",
  "lockfileVersion": 3,
  "requires": true,
  "packages": {
    "": {
      "name": "sebastien-aglae-profile",
      "version": "1.0.0",
      "dependencies": {
        "@fontsource/jetbrains-mono": "^5.2.8",
        "@fontsource/manrope": "^5.2.7",
        "@fontsource/syne": "^5.2.7"
      }
    },
    "node_modules/@fontsource/jetbrains-mono": {
      "version": "5.2.8",
      "resolved": "https://registry.npmjs.org/@fontsource/jetbrains-mono/-/jetbrains-mono-5.2.8.tgz",
      "integrity": "sha512-6w8/SG4kqvIMu7xd7wt6x3idn1Qux3p9N62s6G3rfldOUYHpWcc2FKrqf+Vo44jRvqWj2oAtTHrZXEP23oSKwQ==",
      "license": "OFL-1.1",
      "funding": {
        "url": "https://github.com/sponsors/ayuhito"
      }
    },
    "node_modules/@fontsource/manrope": {
      "version": "5.2.8",
      "resolved": "https://registry.npmjs.org/@fontsource/manrope/-/manrope-5.2.8.tgz",
      "integrity": "sha512-gJHJmcuUk7qWcNCfcAri/DJQtXtBYqi9yKratr4jXhSo0I3xUtNNKI+igQIcw5c+m95g0vounk8ZnX/kb8o0TA==",
      "license": "OFL-1.1",
      "funding": {
        "url": "https://github.com/sponsors/ayuhito"
      }
    },
    "node_modules/@fontsource/syne": {
      "version": "5.2.7",
      "resolved": "https://registry.npmjs.org/@fontsource/syne/-/syne-5.2.7.tgz",
      "integrity": "sha512-OgWgLPSbieiSfdFXgMs0l/rspIFzVoDZxw8wKj15n39epRqO5+Uv36c0MXNDcw2GuK/TIBgpC9G8VAgs+bVm7A==",
      "license": "OFL-1.1",
      "funding": {
        "url": "https://github.com/sponsors/ayuhito"
      }
    }
  }
}
